
Microsoft Visual Studio Solution File, Format Version 12.00
# Visual Studio 14
VisualStudioVersion = 14.0.25420.1
MinimumVisualStudioVersion = 10.0.40219.1
Project("{FAE04EC0-301F-11D3-BF4B-00C04F79EFBC}") = "WebApplication1", "WebApplication1\WebApplication1.csproj", "{16738CFA-B99B-4F31-AC49-B5DF0E729AFA}"
EndProject
Global
	GlobalSection(SolutionConfigurationPlatforms) = preSolution
		Debug|Any CPU = Debug|Any CPU
		Release|Any CPU = Release|Any CPU
	EndGlobalSection
	GlobalSection(ProjectConfigurationPlatforms) = postSolution
		{16738CFA-B99B-4F31-AC49-B5DF0E729AFA}.Debug|Any CPU.ActiveCfg = Debug|Any CPU
		{16738CFA-B99B-4F31-AC49-B5DF0E729AFA}.Debug|Any CPU.Build.0 = Debug|Any CPU
		{16738CFA-B99B-4F31-AC49-B5DF0E729AFA}.Release|Any CPU.ActiveCfg = Release|Any CPU
		{16738CFA-B99B-4F31-AC49-B5DF0E729AFA}.Release|Any CPU.Build.0 = Release|Any CPU
	EndGlobalSection
	GlobalSection(SolutionProperties) = preSolution
		HideSolutionNode = FALSE
	EndGlobalSection
EndGlobal
